
Microsoft Visual Studio Solution File, Format Version 12.00
# Visual Studio Version 17
VisualStudioVersion = 17.5.33424.131
MinimumVisualStudioVersion = 10.0.40219.1
Project("{FAE04EC0-301F-11D3-BF4B-00C04F79EFBC}") = "CleanMovie.Domain", "CleanMovie.Domain.csproj", "{CDB23C2C-EDE1-471E-83D8-F34A7FA23CDD}"
EndProject
Project("{FAE04EC0-301F-11D3-BF4B-00C04F79EFBC}") = "CleanMovie.Application", "..\CleanMovie.Application\CleanMovie.Application.csproj", "{CBA2D292-89BE-4B62-859C-08DFE2F7B8F4}"
EndProject
Project("{FAE04EC0-301F-11D3-BF4B-00C04F79EFBC}") = "CleanMovie.Infrastructure", "..\CleanMovie.Infrastructure\CleanMovie.Infrastructure.csproj", "{AD5311B3-85F2-49A9-BA96-9A013A0E5201}"
EndProject
Project("{FAE04EC0-301F-11D3-BF4B-00C04F79EFBC}") = "CleanMovie.API", "..\CleanMovie.API\CleanMovie.API.csproj", "{D0CAC622-1CD2-41E7-9A14-F880D8F32CBF}"
EndProject
Global
	GlobalSection(SolutionConfigurationPlatforms) = preSolution
		Debug|Any CPU = Debug|Any CPU
		Release|Any CPU = Release|Any CPU
	EndGlobalSection
	GlobalSection(ProjectConfigurationPlatforms) = postSolution
		{CDB23C2C-EDE1-471E-83D8-F34A7FA23CDD}.Debug|Any CPU.ActiveCfg = Debug|Any CPU
		{CDB23C2C-EDE1-471E-83D8-F34A7FA23CDD}.Debug|Any CPU.Build.0 = Debug|Any CPU
		{CDB23C2C-EDE1-471E-83D8-F34A7FA23CDD}.Release|Any CPU.ActiveCfg = Release|Any CPU
		{CDB23C2C-EDE1-471E-83D8-F34A7FA23CDD}.Release|Any CPU.Build.0 = Release|Any CPU
		{CBA2D292-89BE-4B62-859C-08DFE2F7B8F4}.Debug|Any CPU.ActiveCfg = Debug|Any CPU
		{CBA2D292-89BE-4B62-859C-08DFE2F7B8F4}.Debug|Any CPU.Build.0 = Debug|Any CPU
		{CBA2D292-89BE-4B62-859C-08DFE2F7B8F4}.Release|Any CPU.ActiveCfg = Release|Any CPU
		{CBA2D292-89BE-4B62-859C-08DFE2F7B8F4}.Release|Any CPU.Build.0 = Release|Any CPU
		{AD5311B3-85F2-49A9-BA96-9A013A0E5201}.Debug|Any CPU.ActiveCfg = Debug|Any CPU
		{AD5311B3-85F2-49A9-BA96-9A013A0E5201}.Debug|Any CPU.Build.0 = Debug|Any CPU
		{AD5311B3-85F2-49A9-BA96-9A013A0E5201}.Release|Any CPU.ActiveCfg = Release|Any CPU
		{AD5311B3-85F2-49A9-BA96-9A013A0E5201}.Release|Any CPU.Build.0 = Release|Any CPU
		{D0CAC622-1CD2-41E7-9A14-F880D8F32CBF}.Debug|Any CPU.ActiveCfg = Debug|Any CPU
		{D0CAC622-1CD2-41E7-9A14-F880D8F32CBF}.Debug|Any CPU.Build.0 = Debug|Any CPU
		{D0CAC622-1CD2-41E7-9A14-F880D8F32CBF}.Release|Any CPU.ActiveCfg = Release|Any CPU
		{D0CAC622-1CD2-41E7-9A14-F880D8F32CBF}.Release|Any CPU.Build.0 = Release|Any CPU
	EndGlobalSection
	GlobalSection(SolutionProperties) = preSolution
		HideSolutionNode = FALSE
	EndGlobalSection
	GlobalSection(ExtensibilityGlobals) = postSolution
		SolutionGuid = {1EC26DF4-A778-4323-9813-A0C6A1C539E3}
	EndGlobalSection
EndGlobal
